
Microsoft Visual Studio Solution File, Format Version 12.00
# Visual Studio Version 16
VisualStudioVersion = 16.0.30104.148
MinimumVisualStudioVersion = 10.0.40219.1
Project("{8BC9CEB8-8B4A-11D0-8D11-00A0C91BC942}") = "CubeGenerator", "CubeGenerator\CubeGenerator.vcxproj", "{B2DE6B8D-FA08-4055-9B3F-17771A24236C}"
EndProject
Global
	GlobalSection(SolutionConfigurationPlatforms) = preSolution
		Debug|x64 = Debug|x64
		Release|x64 = Release|x64
	EndGlobalSection
	GlobalSection(ProjectConfigurationPlatforms) = postSolution
		{B2DE6B8D-FA08-4055-9B3F-17771A24236C}.Debug|x64.ActiveCfg = Debug|x64
		{B2DE6B8D-FA08-4055-9B3F-17771A24236C}.Debug|x64.Build.0 = Debug|x64
		{B2DE6B8D-FA08-4055-9B3F-17771A24236C}.Release|x64.ActiveCfg = Release|x64
		{B2DE6B8D-FA08-4055-9B3F-17771A24236C}.Release|x64.Build.0 = Release|x64
	EndGlobalSection
	GlobalSection(SolutionProperties) = preSolution
		HideSolutionNode = FALSE
	EndGlobalSection
	GlobalSection(ExtensibilityGlobals) = postSolution
		SolutionGuid = {25D3886B-9677-456C-9CDC-4D327F5433CD}
	EndGlobalSection
EndGlobal
